{
  "pins" : [
    {
      "identity" : "availablehapticfeedback",
      "kind" : "remoteSourceControl",
      "location" : "https://github.com/yonat/AvailableHapticFeedback",
      "state" : {
        "revision" : "f9ae6d54af1fb06fff0ddb16246091c6de22f989",
        "version" : "1.0.2"
      }
    },
    {
      "identity" : "multislider",
      "kind" : "remoteSourceControl",
      "location" : "https://github.com/yonat/MultiSlider.git",
      "state" : {
        "branch" : "master",
        "revision" : "364d5e3b96cd6c0f59bd8ac8a44b0fb0f99f108c"
      }
    },
    {
      "identity" : "sweeterswift",
      "kind" : "remoteSourceControl",
      "location" : "https://github.com/yonat/SweeterSwift",
      "state" : {
        "revision" : "74b3d19dc80158b2a87240d05894154a1ba7f2ef",
        "version" : "1.2.1"
      }
    }
  ],
  "version" : 2
}
