// !$*UTF8*$!
{
	archiveVersion = 1;
	classes = {
	};
	objectVersion = 56;
	objects = {

/* Begin PBXBuildFile section */
		212676F42976ED5700D7109C /* LaunchListRepositoryType.swift in Sources */ = {isa = PBXBuildFile; fileRef = 212676F32976ED5700D7109C /* LaunchListRepositoryType.swift */; };
		212676F62976ED6400D7109C /* RocketRepositoryType.swift in Sources */ = {isa = PBXBuildFile; fileRef = 212676F52976ED6400D7109C /* RocketRepositoryType.swift */; };
		212676F82976ED7200D7109C /* LaunchImageRepositoryType.swift in Sources */ = {isa = PBXBuildFile; fileRef = 212676F72976ED7200D7109C /* LaunchImageRepositoryType.swift */; };
		212676FD2976EDA800D7109C /* ShowRocketUseCase.swift in Sources */ = {isa = PBXBuildFile; fileRef = 212676FC2976EDA800D7109C /* ShowRocketUseCase.swift */; };
		212676FF2976EDB400D7109C /* ShowLaunchListUseCase.swift in Sources */ = {isa = PBXBuildFile; fileRef = 212676FE2976EDB400D7109C /* ShowLaunchListUseCase.swift */; };
		212677032976EDDB00D7109C /* DataTransferService.swift in Sources */ = {isa = PBXBuildFile; fileRef = 212677022976EDDB00D7109C /* DataTransferService.swift */; };
		212677052976EDE800D7109C /* NetworkService.swift in Sources */ = {isa = PBXBuildFile; fileRef = 212677042976EDE800D7109C /* NetworkService.swift */; };
		212677072976EDF400D7109C /* Endpoint.swift in Sources */ = {isa = PBXBuildFile; fileRef = 212677062976EDF400D7109C /* Endpoint.swift */; };
		212677092976EE0F00D7109C /* NetworkConfig.swift in Sources */ = {isa = PBXBuildFile; fileRef = 212677082976EE0F00D7109C /* NetworkConfig.swift */; };
		2126770D2976EE3800D7109C /* Observable.swift in Sources */ = {isa = PBXBuildFile; fileRef = 2126770C2976EE3800D7109C /* Observable.swift */; };
		2126770F2976EE4300D7109C /* AccessibilityIdentifier.swift in Sources */ = {isa = PBXBuildFile; fileRef = 2126770E2976EE4300D7109C /* AccessibilityIdentifier.swift */; };
		212677112976EE5400D7109C /* BaseXibView.swift in Sources */ = {isa = PBXBuildFile; fileRef = 212677102976EE5400D7109C /* BaseXibView.swift */; };
		212677152976EE8100D7109C /* SpaceXRouter.swift in Sources */ = {isa = PBXBuildFile; fileRef = 212677142976EE8100D7109C /* SpaceXRouter.swift */; };
		212677182976EEA900D7109C /* FilterDialogView.swift in Sources */ = {isa = PBXBuildFile; fileRef = 212677172976EEA900D7109C /* FilterDialogView.swift */; };
		2126771C2976EEC500D7109C /* LaunchCellModel.swift in Sources */ = {isa = PBXBuildFile; fileRef = 2126771B2976EEC500D7109C /* LaunchCellModel.swift */; };
		2126771F2976EEFC00D7109C /* LaunchTableViewCell.swift in Sources */ = {isa = PBXBuildFile; fileRef = 2126771D2976EEFC00D7109C /* LaunchTableViewCell.swift */; };
		212677202976EEFC00D7109C /* LaunchTableViewCell.xib in Resources */ = {isa = PBXBuildFile; fileRef = 2126771E2976EEFC00D7109C /* LaunchTableViewCell.xib */; };
		212677222976F0AF00D7109C /* FilterDialogView.xib in Resources */ = {isa = PBXBuildFile; fileRef = 212677212976F0AF00D7109C /* FilterDialogView.xib */; };
		2126772A2976F0FB00D7109C /* SpaceXViewController.swift in Sources */ = {isa = PBXBuildFile; fileRef = 212677282976F0FB00D7109C /* SpaceXViewController.swift */; };
		2126772B2976F0FB00D7109C /* SpaceXViewController.xib in Resources */ = {isa = PBXBuildFile; fileRef = 212677292976F0FB00D7109C /* SpaceXViewController.xib */; };
		2126772E2976F20200D7109C /* MultiSlider in Frameworks */ = {isa = PBXBuildFile; productRef = 2126772D2976F20200D7109C /* MultiSlider */; };
		212AE4F0297C569D00BA62BB /* FilterDialogInteractor.swift in Sources */ = {isa = PBXBuildFile; fileRef = 212AE4EE297C569D00BA62BB /* FilterDialogInteractor.swift */; };
		21497718297706B900A53D23 /* SpaceXPresenter.swift in Sources */ = {isa = PBXBuildFile; fileRef = 21497717297706B900A53D23 /* SpaceXPresenter.swift */; };
		2149771B2977071300A53D23 /* SpaceXInteractor.swift in Sources */ = {isa = PBXBuildFile; fileRef = 2149771A2977071300A53D23 /* SpaceXInteractor.swift */; };
		215B02B4297EF40E008BF333 /* ImageCache.swift in Sources */ = {isa = PBXBuildFile; fileRef = 215B02B3297EF40E008BF333 /* ImageCache.swift */; };
		215B02B7297EF70D008BF333 /* LocalizedStringType.swift in Sources */ = {isa = PBXBuildFile; fileRef = 215B02B6297EF70D008BF333 /* LocalizedStringType.swift */; };
		215B02B9297EF723008BF333 /* CommonString.swift in Sources */ = {isa = PBXBuildFile; fileRef = 215B02B8297EF723008BF333 /* CommonString.swift */; };
		215B02BB297EF732008BF333 /* Localizable.strings in Resources */ = {isa = PBXBuildFile; fileRef = 215B02BA297EF732008BF333 /* Localizable.strings */; };
		21CFC4652976E8D600A2C183 /* AppDelegate.swift in Sources */ = {isa = PBXBuildFile; fileRef = 21CFC4642976E8D600A2C183 /* AppDelegate.swift */; };
		21CFC4672976E8D600A2C183 /* SceneDelegate.swift in Sources */ = {isa = PBXBuildFile; fileRef = 21CFC4662976E8D600A2C183 /* SceneDelegate.swift */; };
		21CFC46E2976E8D800A2C183 /* Assets.xcassets in Resources */ = {isa = PBXBuildFile; fileRef = 21CFC46D2976E8D800A2C183 /* Assets.xcassets */; };
		21CFC4712976E8D800A2C183 /* LaunchScreen.storyboard in Resources */ = {isa = PBXBuildFile; fileRef = 21CFC46F2976E8D800A2C183 /* LaunchScreen.storyboard */; };
		21CFC47B2976E95100A2C183 /* AppDIContainer.swift in Sources */ = {isa = PBXBuildFile; fileRef = 21CFC47A2976E95100A2C183 /* AppDIContainer.swift */; };
		21CFC47D2976E97300A2C183 /* SpaceXDIContainer.swift in Sources */ = {isa = PBXBuildFile; fileRef = 21CFC47C2976E97300A2C183 /* SpaceXDIContainer.swift */; };
		21CFC47F2976E98B00A2C183 /* AppConfiguration.swift in Sources */ = {isa = PBXBuildFile; fileRef = 21CFC47E2976E98B00A2C183 /* AppConfiguration.swift */; };
		21CFC4812976E9AD00A2C183 /* AppRouter.swift in Sources */ = {isa = PBXBuildFile; fileRef = 21CFC4802976E9AD00A2C183 /* AppRouter.swift */; };
		21CFC4842976EA5E00A2C183 /* UIImageView+.swift in Sources */ = {isa = PBXBuildFile; fileRef = 21CFC4832976EA5E00A2C183 /* UIImageView+.swift */; };
		21CFC4872976EAF500A2C183 /* Date+.swift in Sources */ = {isa = PBXBuildFile; fileRef = 21CFC4862976EAF500A2C183 /* Date+.swift */; };
		21CFC4892976EB0E00A2C183 /* Int+.swift in Sources */ = {isa = PBXBuildFile; fileRef = 21CFC4882976EB0E00A2C183 /* Int+.swift */; };
		21CFC48B2976EB2100A2C183 /* UIAlertAction.swift in Sources */ = {isa = PBXBuildFile; fileRef = 21CFC48A2976EB2100A2C183 /* UIAlertAction.swift */; };
		21CFC48D2976EB5600A2C183 /* CancellableType.swift in Sources */ = {isa = PBXBuildFile; fileRef = 21CFC48C2976EB5600A2C183 /* CancellableType.swift */; };
		21CFC48F2976EB6500A2C183 /* Alert.swift in Sources */ = {isa = PBXBuildFile; fileRef = 21CFC48E2976EB6500A2C183 /* Alert.swift */; };
		21CFC4932976EBBB00A2C183 /* APIEndpoints.swift in Sources */ = {isa = PBXBuildFile; fileRef = 21CFC4922976EBBB00A2C183 /* APIEndpoints.swift */; };
		21CFC4982976EC2100A2C183 /* LaunchListRepository.swift in Sources */ = {isa = PBXBuildFile; fileRef = 21CFC4972976EC2100A2C183 /* LaunchListRepository.swift */; };
		21CFC49A2976EC2F00A2C183 /* RocketRepository.swift in Sources */ = {isa = PBXBuildFile; fileRef = 21CFC4992976EC2F00A2C183 /* RocketRepository.swift */; };
		21CFC49C2976EC3C00A2C183 /* LaunchImageRepository.swift in Sources */ = {isa = PBXBuildFile; fileRef = 21CFC49B2976EC3C00A2C183 /* LaunchImageRepository.swift */; };
		21CFC49F2976EC5200A2C183 /* RepositoryTask.swift in Sources */ = {isa = PBXBuildFile; fileRef = 21CFC49E2976EC5200A2C183 /* RepositoryTask.swift */; };
		21CFC4A42976EC8600A2C183 /* LaunchModel.swift in Sources */ = {isa = PBXBuildFile; fileRef = 21CFC4A32976EC8600A2C183 /* LaunchModel.swift */; };
		21CFC4A62976ECBA00A2C183 /* RocketModel.swift in Sources */ = {isa = PBXBuildFile; fileRef = 21CFC4A52976ECBA00A2C183 /* RocketModel.swift */; };
		21E039D42976F73F00C4E292 /* UITableViewCell.swift in Sources */ = {isa = PBXBuildFile; fileRef = 21E039D32976F73F00C4E292 /* UITableViewCell.swift */; };
		21E039E72976FD6C00C4E292 /* ImageRepositoryMock.swift in Sources */ = {isa = PBXBuildFile; fileRef = 21E039E62976FD6C00C4E292 /* ImageRepositoryMock.swift */; };
		21E039E92976FDEC00C4E292 /* NetworkSessionManagerMock.swift in Sources */ = {isa = PBXBuildFile; fileRef = 21E039E82976FDEC00C4E292 /* NetworkSessionManagerMock.swift */; };
		21E039EB2976FE0600C4E292 /* NetworkConfigurableMock.swift in Sources */ = {isa = PBXBuildFile; fileRef = 21E039EA2976FE0600C4E292 /* NetworkConfigurableMock.swift */; };
		21E039ED2976FE1A00C4E292 /* NetworkServiceTests.swift in Sources */ = {isa = PBXBuildFile; fileRef = 21E039EC2976FE1A00C4E292 /* NetworkServiceTests.swift */; };
		21E039EF2976FE3500C4E292 /* DataTransferServiceTests.swift in Sources */ = {isa = PBXBuildFile; fileRef = 21E039EE2976FE3500C4E292 /* DataTransferServiceTests.swift */; };
/* End PBXBuildFile section */

/* Begin PBXContainerItemProxy section */
		21E039DD2976FD2300C4E292 /* PBXContainerItemProxy */ = {
			isa = PBXContainerItemProxy;
			containerPortal = 21CFC4592976E8D600A2C183 /* Project object */;
			proxyType = 1;
			remoteGlobalIDString = 21CFC4602976E8D600A2C183;
			remoteInfo = SpaceX_VIPER;
		};
/* End PBXContainerItemProxy section */

/* Begin PBXFileReference section */
		212676F32976ED5700D7109C /* LaunchListRepositoryType.swift */ = {isa = PBXFileReference; lastKnownFileType = sourcecode.swift; path = LaunchListRepositoryType.swift; sourceTree = "<group>"; };
		212676F52976ED6400D7109C /* RocketRepositoryType.swift */ = {isa = PBXFileReference; lastKnownFileType = sourcecode.swift; path = RocketRepositoryType.swift; sourceTree = "<group>"; };
		212676F72976ED7200D7109C /* LaunchImageRepositoryType.swift */ = {isa = PBXFileReference; lastKnownFileType = sourcecode.swift; path = LaunchImageRepositoryType.swift; sourceTree = "<group>"; };
		212676FC2976EDA800D7109C /* ShowRocketUseCase.swift */ = {isa = PBXFileReference; lastKnownFileType = sourcecode.swift; path = ShowRocketUseCase.swift; sourceTree = "<group>"; };
		212676FE2976EDB400D7109C /* ShowLaunchListUseCase.swift */ = {isa = PBXFileReference; lastKnownFileType = sourcecode.swift; path = ShowLaunchListUseCase.swift; sourceTree = "<group>"; };
		212677022976EDDB00D7109C /* DataTransferService.swift */ = {isa = PBXFileReference; lastKnownFileType = sourcecode.swift; path = DataTransferService.swift; sourceTree = "<group>"; };
		212677042976EDE800D7109C /* NetworkService.swift */ = {isa = PBXFileReference; lastKnownFileType = sourcecode.swift; path = NetworkService.swift; sourceTree = "<group>"; };
		212677062976EDF400D7109C /* Endpoint.swift */ = {isa = PBXFileReference; lastKnownFileType = sourcecode.swift; path = Endpoint.swift; sourceTree = "<group>"; };
		212677082976EE0F00D7109C /* NetworkConfig.swift */ = {isa = PBXFileReference; lastKnownFileType = sourcecode.swift; path = NetworkConfig.swift; sourceTree = "<group>"; };
		2126770C2976EE3800D7109C /* Observable.swift */ = {isa = PBXFileReference; lastKnownFileType = sourcecode.swift; path = Observable.swift; sourceTree = "<group>"; };
		2126770E2976EE4300D7109C /* AccessibilityIdentifier.swift */ = {isa = PBXFileReference; lastKnownFileType = sourcecode.swift; path = AccessibilityIdentifier.swift; sourceTree = "<group>"; };
		212677102976EE5400D7109C /* BaseXibView.swift */ = {isa = PBXFileReference; lastKnownFileType = sourcecode.swift; path = BaseXibView.swift; sourceTree = "<group>"; };
		212677142976EE8100D7109C /* SpaceXRouter.swift */ = {isa = PBXFileReference; lastKnownFileType = sourcecode.swift; path = SpaceXRouter.swift; sourceTree = "<group>"; };
		212677172976EEA900D7109C /* FilterDialogView.swift */ = {isa = PBXFileReference; lastKnownFileType = sourcecode.swift; path = FilterDialogView.swift; sourceTree = "<group>"; };
		2126771B2976EEC500D7109C /* LaunchCellModel.swift */ = {isa = PBXFileReference; lastKnownFileType = sourcecode.swift; path = LaunchCellModel.swift; sourceTree = "<group>"; };
		2126771D2976EEFC00D7109C /* LaunchTableViewCell.swift */ = {isa = PBXFileReference; lastKnownFileType = sourcecode.swift; path = LaunchTableViewCell.swift; sourceTree = "<group>"; };
		2126771E2976EEFC00D7109C /* LaunchTableViewCell.xib */ = {isa = PBXFileReference; lastKnownFileType = file.xib; path = LaunchTableViewCell.xib; sourceTree = "<group>"; };
		212677212976F0AF00D7109C /* FilterDialogView.xib */ = {isa = PBXFileReference; lastKnownFileType = file.xib; path = FilterDialogView.xib; sourceTree = "<group>"; };
		212677282976F0FB00D7109C /* SpaceXViewController.swift */ = {isa = PBXFileReference; lastKnownFileType = sourcecode.swift; path = SpaceXViewController.swift; sourceTree = "<group>"; };
		212677292976F0FB00D7109C /* SpaceXViewController.xib */ = {isa = PBXFileReference; lastKnownFileType = file.xib; path = SpaceXViewController.xib; sourceTree = "<group>"; };
		212AE4EE297C569D00BA62BB /* FilterDialogInteractor.swift */ = {isa = PBXFileReference; fileEncoding = 4; lastKnownFileType = sourcecode.swift; path = FilterDialogInteractor.swift; sourceTree = "<group>"; };
		21497717297706B900A53D23 /* SpaceXPresenter.swift */ = {isa = PBXFileReference; lastKnownFileType = sourcecode.swift; path = SpaceXPresenter.swift; sourceTree = "<group>"; };
		2149771A2977071300A53D23 /* SpaceXInteractor.swift */ = {isa = PBXFileReference; lastKnownFileType = sourcecode.swift; path = SpaceXInteractor.swift; sourceTree = "<group>"; };
		215B02B3297EF40E008BF333 /* ImageCache.swift */ = {isa = PBXFileReference; lastKnownFileType = sourcecode.swift; path = ImageCache.swift; sourceTree = "<group>"; };
		215B02B6297EF70D008BF333 /* LocalizedStringType.swift */ = {isa = PBXFileReference; lastKnownFileType = sourcecode.swift; path = LocalizedStringType.swift; sourceTree = "<group>"; };
		215B02B8297EF723008BF333 /* CommonString.swift */ = {isa = PBXFileReference; lastKnownFileType = sourcecode.swift; path = CommonString.swift; sourceTree = "<group>"; };
		215B02BA297EF732008BF333 /* Localizable.strings */ = {isa = PBXFileReference; lastKnownFileType = text.plist.strings; path = Localizable.strings; sourceTree = "<group>"; };
		21CFC4612976E8D600A2C183 /* SpaceX_VIPER.app */ = {isa = PBXFileReference; explicitFileType = wrapper.application; includeInIndex = 0; path = SpaceX_VIPER.app; sourceTree = BUILT_PRODUCTS_DIR; };
		21CFC4642976E8D600A2C183 /* AppDelegate.swift */ = {isa = PBXFileReference; lastKnownFileType = sourcecode.swift; path = AppDelegate.swift; sourceTree = "<group>"; };
		21CFC4662976E8D600A2C183 /* SceneDelegate.swift */ = {isa = PBXFileReference; lastKnownFileType = sourcecode.swift; path = SceneDelegate.swift; sourceTree = "<group>"; };
		21CFC46D2976E8D800A2C183 /* Assets.xcassets */ = {isa = PBXFileReference; lastKnownFileType = folder.assetcatalog; path = Assets.xcassets; sourceTree = "<group>"; };
		21CFC4702976E8D800A2C183 /* Base */ = {isa = PBXFileReference; lastKnownFileType = file.storyboard; name = Base; path = Base.lproj/LaunchScreen.storyboard; sourceTree = "<group>"; };
		21CFC4722976E8D800A2C183 /* Info.plist */ = {isa = PBXFileReference; lastKnownFileType = text.plist.xml; path = Info.plist; sourceTree = "<group>"; };
		21CFC47A2976E95100A2C183 /* AppDIContainer.swift */ = {isa = PBXFileReference; lastKnownFileType = sourcecode.swift; path = AppDIContainer.swift; sourceTree = "<group>"; };
		21CFC47C2976E97300A2C183 /* SpaceXDIContainer.swift */ = {isa = PBXFileReference; lastKnownFileType = sourcecode.swift; path = SpaceXDIContainer.swift; sourceTree = "<group>"; };
		21CFC47E2976E98B00A2C183 /* AppConfiguration.swift */ = {isa = PBXFileReference; lastKnownFileType = sourcecode.swift; path = AppConfiguration.swift; sourceTree = "<group>"; };
		21CFC4802976E9AD00A2C183 /* AppRouter.swift */ = {isa = PBXFileReference; lastKnownFileType = sourcecode.swift; path = AppRouter.swift; sourceTree = "<group>"; };
		21CFC4832976EA5E00A2C183 /* UIImageView+.swift */ = {isa = PBXFileReference; lastKnownFileType = sourcecode.swift; path = "UIImageView+.swift"; sourceTree = "<group>"; };
		21CFC4862976EAF500A2C183 /* Date+.swift */ = {isa = PBXFileReference; lastKnownFileType = sourcecode.swift; path = "Date+.swift"; sourceTree = "<group>"; };
		21CFC4882976EB0E00A2C183 /* Int+.swift */ = {isa = PBXFileReference; lastKnownFileType = sourcecode.swift; path = "Int+.swift"; sourceTree = "<group>"; };
		21CFC48A2976EB2100A2C183 /* UIAlertAction.swift */ = {isa = PBXFileReference; lastKnownFileType = sourcecode.swift; path = UIAlertAction.swift; sourceTree = "<group>"; };
		21CFC48C2976EB5600A2C183 /* CancellableType.swift */ = {isa = PBXFileReference; lastKnownFileType = sourcecode.swift; path = CancellableType.swift; sourceTree = "<group>"; };
		21CFC48E2976EB6500A2C183 /* Alert.swift */ = {isa = PBXFileReference; lastKnownFileType = sourcecode.swift; path = Alert.swift; sourceTree = "<group>"; };
		21CFC4922976EBBB00A2C183 /* APIEndpoints.swift */ = {isa = PBXFileReference; lastKnownFileType = sourcecode.swift; path = APIEndpoints.swift; sourceTree = "<group>"; };
		21CFC4972976EC2100A2C183 /* LaunchListRepository.swift */ = {isa = PBXFileReference; lastKnownFileType = sourcecode.swift; path = LaunchListRepository.swift; sourceTree = "<group>"; };
		21CFC4992976EC2F00A2C183 /* RocketRepository.swift */ = {isa = PBXFileReference; lastKnownFileType = sourcecode.swift; path = RocketRepository.swift; sourceTree = "<group>"; };
		21CFC49B2976EC3C00A2C183 /* LaunchImageRepository.swift */ = {isa = PBXFileReference; lastKnownFileType = sourcecode.swift; path = LaunchImageRepository.swift; sourceTree = "<group>"; };
		21CFC49E2976EC5200A2C183 /* RepositoryTask.swift */ = {isa = PBXFileReference; lastKnownFileType = sourcecode.swift; path = RepositoryTask.swift; sourceTree = "<group>"; };
		21CFC4A32976EC8600A2C183 /* LaunchModel.swift */ = {isa = PBXFileReference; lastKnownFileType = sourcecode.swift; path = LaunchModel.swift; sourceTree = "<group>"; };
		21CFC4A52976ECBA00A2C183 /* RocketModel.swift */ = {isa = PBXFileReference; lastKnownFileType = sourcecode.swift; path = RocketModel.swift; sourceTree = "<group>"; };
		21E039D32976F73F00C4E292 /* UITableViewCell.swift */ = {isa = PBXFileReference; lastKnownFileType = sourcecode.swift; path = UITableViewCell.swift; sourceTree = "<group>"; };
		21E039D92976FD2300C4E292 /* SpaceX_VIPERTests.xctest */ = {isa = PBXFileReference; explicitFileType = wrapper.cfbundle; includeInIndex = 0; path = SpaceX_VIPERTests.xctest; sourceTree = BUILT_PRODUCTS_DIR; };
		21E039E62976FD6C00C4E292 /* ImageRepositoryMock.swift */ = {isa = PBXFileReference; lastKnownFileType = sourcecode.swift; path = ImageRepositoryMock.swift; sourceTree = "<group>"; };
		21E039E82976FDEC00C4E292 /* NetworkSessionManagerMock.swift */ = {isa = PBXFileReference; lastKnownFileType = sourcecode.swift; path = NetworkSessionManagerMock.swift; sourceTree = "<group>"; };
		21E039EA2976FE0600C4E292 /* NetworkConfigurableMock.swift */ = {isa = PBXFileReference; lastKnownFileType = sourcecode.swift; path = NetworkConfigurableMock.swift; sourceTree = "<group>"; };
		21E039EC2976FE1A00C4E292 /* NetworkServiceTests.swift */ = {isa = PBXFileReference; lastKnownFileType = sourcecode.swift; path = NetworkServiceTests.swift; sourceTree = "<group>"; };
		21E039EE2976FE3500C4E292 /* DataTransferServiceTests.swift */ = {isa = PBXFileReference; lastKnownFileType = sourcecode.swift; path = DataTransferServiceTests.swift; sourceTree = "<group>"; };
/* End PBXFileReference section */

/* Begin PBXFrameworksBuildPhase section */
		21CFC45E2976E8D600A2C183 /* Frameworks */ = {
			isa = PBXFrameworksBuildPhase;
			buildActionMask = 2147483647;
			files = (
				2126772E2976F20200D7109C /* MultiSlider in Frameworks */,
			);
			runOnlyForDeploymentPostprocessing = 0;
		};
		21E039D62976FD2300C4E292 /* Frameworks */ = {
			isa = PBXFrameworksBuildPhase;
			buildActionMask = 2147483647;
			files = (
			);
			runOnlyForDeploymentPostprocessing = 0;
		};
/* End PBXFrameworksBuildPhase section */

/* Begin PBXGroup section */
		212676F92976ED8E00D7109C /* Usecases */ = {
			isa = PBXGroup;
			children = (
				212676FC2976EDA800D7109C /* ShowRocketUseCase.swift */,
				212676FE2976EDB400D7109C /* ShowLaunchListUseCase.swift */,
			);
			path = Usecases;
			sourceTree = "<group>";
		};
		212677002976EDC200D7109C /* Infrastructure */ = {
			isa = PBXGroup;
			children = (
				212677022976EDDB00D7109C /* DataTransferService.swift */,
				212677042976EDE800D7109C /* NetworkService.swift */,
				212677062976EDF400D7109C /* Endpoint.swift */,
				212677082976EE0F00D7109C /* NetworkConfig.swift */,
			);
			path = Infrastructure;
			sourceTree = "<group>";
		};
		2126770A2976EE2500D7109C /* Presentation */ = {
			isa = PBXGroup;
			children = (
				212AE4F1297D5B6700BA62BB /* Entity */,
				21602765297AAA86008C2CEC /* Router */,
				21497719297706EF00A53D23 /* Interactor */,
				214977162977069700A53D23 /* Presenter */,
				212677122976EE6A00D7109C /* SpaceXScene */,
				2126770B2976EE2F00D7109C /* Utils */,
				212677282976F0FB00D7109C /* SpaceXViewController.swift */,
				212677292976F0FB00D7109C /* SpaceXViewController.xib */,
			);
			path = Presentation;
			sourceTree = "<group>";
		};
		2126770B2976EE2F00D7109C /* Utils */ = {
			isa = PBXGroup;
			children = (
				2126770C2976EE3800D7109C /* Observable.swift */,
				2126770E2976EE4300D7109C /* AccessibilityIdentifier.swift */,
				212677102976EE5400D7109C /* BaseXibView.swift */,
			);
			path = Utils;
			sourceTree = "<group>";
		};
		212677122976EE6A00D7109C /* SpaceXScene */ = {
			isa = PBXGroup;
			children = (
				212677162976EE9100D7109C /* View */,
			);
			path = SpaceXScene;
			sourceTree = "<group>";
		};
		212677162976EE9100D7109C /* View */ = {
			isa = PBXGroup;
			children = (
				212677172976EEA900D7109C /* FilterDialogView.swift */,
				212677212976F0AF00D7109C /* FilterDialogView.xib */,
				212677192976EEB300D7109C /* Cell */,
			);
			path = View;
			sourceTree = "<group>";
		};
		212677192976EEB300D7109C /* Cell */ = {
			isa = PBXGroup;
			children = (
				2126771D2976EEFC00D7109C /* LaunchTableViewCell.swift */,
				2126771E2976EEFC00D7109C /* LaunchTableViewCell.xib */,
			);
			path = Cell;
			sourceTree = "<group>";
		};
		212AE4F1297D5B6700BA62BB /* Entity */ = {
			isa = PBXGroup;
			children = (
				2126771B2976EEC500D7109C /* LaunchCellModel.swift */,
			);
			path = Entity;
			sourceTree = "<group>";
		};
		214977162977069700A53D23 /* Presenter */ = {
			isa = PBXGroup;
			children = (
				21497717297706B900A53D23 /* SpaceXPresenter.swift */,
			);
			path = Presenter;
			sourceTree = "<group>";
		};
		21497719297706EF00A53D23 /* Interactor */ = {
			isa = PBXGroup;
			children = (
				212AE4EE297C569D00BA62BB /* FilterDialogInteractor.swift */,
				2149771A2977071300A53D23 /* SpaceXInteractor.swift */,
			);
			path = Interactor;
			sourceTree = "<group>";
		};
		215B02B2297EF404008BF333 /* Cache */ = {
			isa = PBXGroup;
			children = (
				215B02B3297EF40E008BF333 /* ImageCache.swift */,
			);
			path = Cache;
			sourceTree = "<group>";
		};
		215B02B5297EF700008BF333 /* LocalizedString */ = {
			isa = PBXGroup;
			children = (
				215B02B6297EF70D008BF333 /* LocalizedStringType.swift */,
				215B02B8297EF723008BF333 /* CommonString.swift */,
				215B02BA297EF732008BF333 /* Localizable.strings */,
			);
			path = LocalizedString;
			sourceTree = "<group>";
		};
		21602765297AAA86008C2CEC /* Router */ = {
			isa = PBXGroup;
			children = (
				212677142976EE8100D7109C /* SpaceXRouter.swift */,
			);
			path = Router;
			sourceTree = "<group>";
		};
		21CFC4582976E8D600A2C183 = {
			isa = PBXGroup;
			children = (
				21CFC4632976E8D600A2C183 /* SpaceX_VIPER */,
				21E039DA2976FD2300C4E292 /* SpaceX_VIPERTests */,
				21CFC4622976E8D600A2C183 /* Products */,
			);
			sourceTree = "<group>";
		};
		21CFC4622976E8D600A2C183 /* Products */ = {
			isa = PBXGroup;
			children = (
				21CFC4612976E8D600A2C183 /* SpaceX_VIPER.app */,
				21E039D92976FD2300C4E292 /* SpaceX_VIPERTests.xctest */,
			);
			name = Products;
			sourceTree = "<group>";
		};
		21CFC4632976E8D600A2C183 /* SpaceX_VIPER */ = {
			isa = PBXGroup;
			children = (
				21CFC4782976E8EF00A2C183 /* Application */,
				21CFC4822976EA4200A2C183 /* Common */,
				21CFC4902976EBA500A2C183 /* Data */,
				21CFC4A12976EC6E00A2C183 /* Domain */,
				212677002976EDC200D7109C /* Infrastructure */,
				2126770A2976EE2500D7109C /* Presentation */,
				21CFC46D2976E8D800A2C183 /* Assets.xcassets */,
				21CFC46F2976E8D800A2C183 /* LaunchScreen.storyboard */,
				21CFC4722976E8D800A2C183 /* Info.plist */,
			);
			path = SpaceX_VIPER;
			sourceTree = "<group>";
		};
		21CFC4782976E8EF00A2C183 /* Application */ = {
			isa = PBXGroup;
			children = (
				21CFC4792976E8FC00A2C183 /* DIContainer */,
				21CFC4642976E8D600A2C183 /* AppDelegate.swift */,
				21CFC4662976E8D600A2C183 /* SceneDelegate.swift */,
				21CFC47E2976E98B00A2C183 /* AppConfiguration.swift */,
				21CFC4802976E9AD00A2C183 /* AppRouter.swift */,
			);
			path = Application;
			sourceTree = "<group>";
		};
		21CFC4792976E8FC00A2C183 /* DIContainer */ = {
			isa = PBXGroup;
			children = (
				21CFC47A2976E95100A2C183 /* AppDIContainer.swift */,
				21CFC47C2976E97300A2C183 /* SpaceXDIContainer.swift */,
			);
			path = DIContainer;
			sourceTree = "<group>";
		};
		21CFC4822976EA4200A2C183 /* Common */ = {
			isa = PBXGroup;
			children = (
				21CFC4852976EA6400A2C183 /* Extension */,
				215B02B5297EF700008BF333 /* LocalizedString */,
				21CFC48C2976EB5600A2C183 /* CancellableType.swift */,
				21CFC48E2976EB6500A2C183 /* Alert.swift */,
			);
			path = Common;
			sourceTree = "<group>";
		};
		21CFC4852976EA6400A2C183 /* Extension */ = {
			isa = PBXGroup;
			children = (
				21CFC4832976EA5E00A2C183 /* UIImageView+.swift */,
				21CFC4862976EAF500A2C183 /* Date+.swift */,
				21CFC4882976EB0E00A2C183 /* Int+.swift */,
				21E039D32976F73F00C4E292 /* UITableViewCell.swift */,
				21CFC48A2976EB2100A2C183 /* UIAlertAction.swift */,
			);
			path = Extension;
			sourceTree = "<group>";
		};
		21CFC4902976EBA500A2C183 /* Data */ = {
			isa = PBXGroup;
			children = (
				215B02B2297EF404008BF333 /* Cache */,
				21CFC4912976EBAF00A2C183 /* Network */,
				21CFC4942976EBFB00A2C183 /* Repository */,
			);
			path = Data;
			sourceTree = "<group>";
		};
		21CFC4912976EBAF00A2C183 /* Network */ = {
			isa = PBXGroup;
			children = (
				21CFC4922976EBBB00A2C183 /* APIEndpoints.swift */,
			);
			path = Network;
			sourceTree = "<group>";
		};
		21CFC4942976EBFB00A2C183 /* Repository */ = {
			isa = PBXGroup;
			children = (
				21CFC49D2976EC4600A2C183 /* Utils */,
				21CFC4972976EC2100A2C183 /* LaunchListRepository.swift */,
				21CFC4992976EC2F00A2C183 /* RocketRepository.swift */,
				21CFC49B2976EC3C00A2C183 /* LaunchImageRepository.swift */,
			);
			path = Repository;
			sourceTree = "<group>";
		};
		21CFC49D2976EC4600A2C183 /* Utils */ = {
			isa = PBXGroup;
			children = (
				21CFC49E2976EC5200A2C183 /* RepositoryTask.swift */,
			);
			path = Utils;
			sourceTree = "<group>";
		};
		21CFC4A02976EC6900A2C183 /* Interfaces */ = {
			isa = PBXGroup;
			children = (
				212676F32976ED5700D7109C /* LaunchListRepositoryType.swift */,
				212676F52976ED6400D7109C /* RocketRepositoryType.swift */,
				212676F72976ED7200D7109C /* LaunchImageRepositoryType.swift */,
			);
			path = Interfaces;
			sourceTree = "<group>";
		};
		21CFC4A12976EC6E00A2C183 /* Domain */ = {
			isa = PBXGroup;
			children = (
				21CFC4A22976EC7700A2C183 /* Entities */,
				21CFC4A02976EC6900A2C183 /* Interfaces */,
				212676F92976ED8E00D7109C /* Usecases */,
			);
			path = Domain;
			sourceTree = "<group>";
		};
		21CFC4A22976EC7700A2C183 /* Entities */ = {
			isa = PBXGroup;
			children = (
				21CFC4A32976EC8600A2C183 /* LaunchModel.swift */,
				21CFC4A52976ECBA00A2C183 /* RocketModel.swift */,
			);
			path = Entities;
			sourceTree = "<group>";
		};
		21E039DA2976FD2300C4E292 /* SpaceX_VIPERTests */ = {
			isa = PBXGroup;
			children = (
				21E039E32976FD4B00C4E292 /* Infrastructure */,
				21E039E22976FD3800C4E292 /* Common */,
			);
			path = SpaceX_VIPERTests;
			sourceTree = "<group>";
		};
		21E039E22976FD3800C4E292 /* Common */ = {
			isa = PBXGroup;
			children = (
			);
			path = Common;
			sourceTree = "<group>";
		};
		21E039E32976FD4B00C4E292 /* Infrastructure */ = {
			isa = PBXGroup;
			children = (
				21E039E42976FD5200C4E292 /* Network */,
			);
			path = Infrastructure;
			sourceTree = "<group>";
		};
		21E039E42976FD5200C4E292 /* Network */ = {
			isa = PBXGroup;
			children = (
				21E039E52976FD5500C4E292 /* Mocks */,
				21E039EC2976FE1A00C4E292 /* NetworkServiceTests.swift */,
				21E039EE2976FE3500C4E292 /* DataTransferServiceTests.swift */,
			);
			path = Network;
			sourceTree = "<group>";
		};
		21E039E52976FD5500C4E292 /* Mocks */ = {
			isa = PBXGroup;
			children = (
				21E039E62976FD6C00C4E292 /* ImageRepositoryMock.swift */,
				21E039E82976FDEC00C4E292 /* NetworkSessionManagerMock.swift */,
				21E039EA2976FE0600C4E292 /* NetworkConfigurableMock.swift */,
			);
			path = Mocks;
			sourceTree = "<group>";
		};
/* End PBXGroup section */

/* Begin PBXNativeTarget section */
		21CFC4602976E8D600A2C183 /* SpaceX_VIPER */ = {
			isa = PBXNativeTarget;
			buildConfigurationList = 21CFC4752976E8D800A2C183 /* Build configuration list for PBXNativeTarget "SpaceX_VIPER" */;
			buildPhases = (
				21CFC45D2976E8D600A2C183 /* Sources */,
				21CFC45E2976E8D600A2C183 /* Frameworks */,
				21CFC45F2976E8D600A2C183 /* Resources */,
			);
			buildRules = (
			);
			dependencies = (
			);
			name = SpaceX_VIPER;
			packageProductDependencies = (
				2126772D2976F20200D7109C /* MultiSlider */,
			);
			productName = SpaceX_VIPER;
			productReference = 21CFC4612976E8D600A2C183 /* SpaceX_VIPER.app */;
			productType = "com.apple.product-type.application";
		};
		21E039D82976FD2300C4E292 /* SpaceX_VIPERTests */ = {
			isa = PBXNativeTarget;
			buildConfigurationList = 21E039DF2976FD2300C4E292 /* Build configuration list for PBXNativeTarget "SpaceX_VIPERTests" */;
			buildPhases = (
				21E039D52976FD2300C4E292 /* Sources */,
				21E039D62976FD2300C4E292 /* Frameworks */,
				21E039D72976FD2300C4E292 /* Resources */,
			);
			buildRules = (
			);
			dependencies = (
				21E039DE2976FD2300C4E292 /* PBXTargetDependency */,
			);
			name = SpaceX_VIPERTests;
			productName = SpaceX_VIPERTests;
			productReference = 21E039D92976FD2300C4E292 /* SpaceX_VIPERTests.xctest */;
			productType = "com.apple.product-type.bundle.unit-test";
		};
/* End PBXNativeTarget section */

/* Begin PBXProject section */
		21CFC4592976E8D600A2C183 /* Project object */ = {
			isa = PBXProject;
			attributes = {
				BuildIndependentTargetsInParallel = 1;
				LastSwiftUpdateCheck = 1400;
				LastUpgradeCheck = 1400;
				TargetAttributes = {
					21CFC4602976E8D600A2C183 = {
						CreatedOnToolsVersion = 14.0;
					};
					21E039D82976FD2300C4E292 = {
						CreatedOnToolsVersion = 14.0;
						LastSwiftMigration = 1400;
						TestTargetID = 21CFC4602976E8D600A2C183;
					};
				};
			};
			buildConfigurationList = 21CFC45C2976E8D600A2C183 /* Build configuration list for PBXProject "SpaceX_VIPER" */;
			compatibilityVersion = "Xcode 14.0";
			developmentRegion = en;
			hasScannedForEncodings = 0;
			knownRegions = (
				en,
				Base,
			);
			mainGroup = 21CFC4582976E8D600A2C183;
			packageReferences = (
				2126772C2976F20200D7109C /* XCRemoteSwiftPackageReference "MultiSlider" */,
			);
			productRefGroup = 21CFC4622976E8D600A2C183 /* Products */;
			projectDirPath = "";
			projectRoot = "";
			targets = (
				21CFC4602976E8D600A2C183 /* SpaceX_VIPER */,
				21E039D82976FD2300C4E292 /* SpaceX_VIPERTests */,
			);
		};
/* End PBXProject section */

/* Begin PBXResourcesBuildPhase section */
		21CFC45F2976E8D600A2C183 /* Resources */ = {
			isa = PBXResourcesBuildPhase;
			buildActionMask = 2147483647;
			files = (
				212677202976EEFC00D7109C /* LaunchTableViewCell.xib in Resources */,
				215B02BB297EF732008BF333 /* Localizable.strings in Resources */,
				21CFC4712976E8D800A2C183 /* LaunchScreen.storyboard in Resources */,
				212677222976F0AF00D7109C /* FilterDialogView.xib in Resources */,
				2126772B2976F0FB00D7109C /* SpaceXViewController.xib in Resources */,
				21CFC46E2976E8D800A2C183 /* Assets.xcassets in Resources */,
			);
			runOnlyForDeploymentPostprocessing = 0;
		};
		21E039D72976FD2300C4E292 /* Resources */ = {
			isa = PBXResourcesBuildPhase;
			buildActionMask = 2147483647;
			files = (
			);
			runOnlyForDeploymentPostprocessing = 0;
		};
/* End PBXResourcesBuildPhase section */

/* Begin PBXSourcesBuildPhase section */
		21CFC45D2976E8D600A2C183 /* Sources */ = {
			isa = PBXSourcesBuildPhase;
			buildActionMask = 2147483647;
			files = (
				21CFC47F2976E98B00A2C183 /* AppConfiguration.swift in Sources */,
				215B02B4297EF40E008BF333 /* ImageCache.swift in Sources */,
				21CFC4A62976ECBA00A2C183 /* RocketModel.swift in Sources */,
				21CFC47B2976E95100A2C183 /* AppDIContainer.swift in Sources */,
				2126770F2976EE4300D7109C /* AccessibilityIdentifier.swift in Sources */,
				212676FF2976EDB400D7109C /* ShowLaunchListUseCase.swift in Sources */,
				212677112976EE5400D7109C /* BaseXibView.swift in Sources */,
				21CFC4842976EA5E00A2C183 /* UIImageView+.swift in Sources */,
				21CFC4A42976EC8600A2C183 /* LaunchModel.swift in Sources */,
				215B02B9297EF723008BF333 /* CommonString.swift in Sources */,
				21CFC48D2976EB5600A2C183 /* CancellableType.swift in Sources */,
				212677072976EDF400D7109C /* Endpoint.swift in Sources */,
				21CFC4812976E9AD00A2C183 /* AppRouter.swift in Sources */,
				21CFC47D2976E97300A2C183 /* SpaceXDIContainer.swift in Sources */,
				21497718297706B900A53D23 /* SpaceXPresenter.swift in Sources */,
				2126771F2976EEFC00D7109C /* LaunchTableViewCell.swift in Sources */,
				212677052976EDE800D7109C /* NetworkService.swift in Sources */,
				21E039D42976F73F00C4E292 /* UITableViewCell.swift in Sources */,
				21CFC48F2976EB6500A2C183 /* Alert.swift in Sources */,
				21CFC4982976EC2100A2C183 /* LaunchListRepository.swift in Sources */,
				212677092976EE0F00D7109C /* NetworkConfig.swift in Sources */,
				212676F82976ED7200D7109C /* LaunchImageRepositoryType.swift in Sources */,
				21CFC49C2976EC3C00A2C183 /* LaunchImageRepository.swift in Sources */,
				21CFC49A2976EC2F00A2C183 /* RocketRepository.swift in Sources */,
				21CFC4892976EB0E00A2C183 /* Int+.swift in Sources */,
				215B02B7297EF70D008BF333 /* LocalizedStringType.swift in Sources */,
				212677032976EDDB00D7109C /* DataTransferService.swift in Sources */,
				21CFC4932976EBBB00A2C183 /* APIEndpoints.swift in Sources */,
				2126770D2976EE3800D7109C /* Observable.swift in Sources */,
				21CFC4652976E8D600A2C183 /* AppDelegate.swift in Sources */,
				21CFC49F2976EC5200A2C183 /* RepositoryTask.swift in Sources */,
				21CFC4672976E8D600A2C183 /* SceneDelegate.swift in Sources */,
				2126772A2976F0FB00D7109C /* SpaceXViewController.swift in Sources */,
				212677182976EEA900D7109C /* FilterDialogView.swift in Sources */,
				212676F42976ED5700D7109C /* LaunchListRepositoryType.swift in Sources */,
				212AE4F0297C569D00BA62BB /* FilterDialogInteractor.swift in Sources */,
				2149771B2977071300A53D23 /* SpaceXInteractor.swift in Sources */,
				212677152976EE8100D7109C /* SpaceXRouter.swift in Sources */,
				2126771C2976EEC500D7109C /* LaunchCellModel.swift in Sources */,
				21CFC48B2976EB2100A2C183 /* UIAlertAction.swift in Sources */,
				21CFC4872976EAF500A2C183 /* Date+.swift in Sources */,
				212676FD2976EDA800D7109C /* ShowRocketUseCase.swift in Sources */,
				212676F62976ED6400D7109C /* RocketRepositoryType.swift in Sources */,
			);
			runOnlyForDeploymentPostprocessing = 0;
		};
		21E039D52976FD2300C4E292 /* Sources */ = {
			isa = PBXSourcesBuildPhase;
			buildActionMask = 2147483647;
			files = (
				21E039EB2976FE0600C4E292 /* NetworkConfigurableMock.swift in Sources */,
				21E039E72976FD6C00C4E292 /* ImageRepositoryMock.swift in Sources */,
				21E039ED2976FE1A00C4E292 /* NetworkServiceTests.swift in Sources */,
				21E039EF2976FE3500C4E292 /* DataTransferServiceTests.swift in Sources */,
				21E039E92976FDEC00C4E292 /* NetworkSessionManagerMock.swift in Sources */,
			);
			runOnlyForDeploymentPostprocessing = 0;
		};
/* End PBXSourcesBuildPhase section */

/* Begin PBXTargetDependency section */
		21E039DE2976FD2300C4E292 /* PBXTargetDependency */ = {
			isa = PBXTargetDependency;
			target = 21CFC4602976E8D600A2C183 /* SpaceX_VIPER */;
			targetProxy = 21E039DD2976FD2300C4E292 /* PBXContainerItemProxy */;
		};
/* End PBXTargetDependency section */

/* Begin PBXVariantGroup section */
		21CFC46F2976E8D800A2C183 /* LaunchScreen.storyboard */ = {
			isa = PBXVariantGroup;
			children = (
				21CFC4702976E8D800A2C183 /* Base */,
			);
			name = LaunchScreen.storyboard;
			sourceTree = "<group>";
		};
/* End PBXVariantGroup section */

/* Begin XCBuildConfiguration section */
		21CFC4732976E8D800A2C183 /* Debug */ = {
			isa = XCBuildConfiguration;
			buildSettings = {
				ALWAYS_SEARCH_USER_PATHS = NO;
				CLANG_ANALYZER_NONNULL = YES;
				CLANG_ANALYZER_NUMBER_OBJECT_CONVERSION = YES_AGGRESSIVE;
				CLANG_CXX_LANGUAGE_STANDARD = "gnu++20";
				CLANG_ENABLE_MODULES = YES;
				CLANG_ENABLE_OBJC_ARC = YES;
				CLANG_ENABLE_OBJC_WEAK = YES;
				CLANG_WARN_BLOCK_CAPTURE_AUTORELEASING = YES;
				CLANG_WARN_BOOL_CONVERSION = YES;
				CLANG_WARN_COMMA = YES;
				CLANG_WARN_CONSTANT_CONVERSION = YES;
				CLANG_WARN_DEPRECATED_OBJC_IMPLEMENTATIONS = YES;
				CLANG_WARN_DIRECT_OBJC_ISA_USAGE = YES_ERROR;
				CLANG_WARN_DOCUMENTATION_COMMENTS = YES;
				CLANG_WARN_EMPTY_BODY = YES;
				CLANG_WARN_ENUM_CONVERSION = YES;
				CLANG_WARN_INFINITE_RECURSION = YES;
				CLANG_WARN_INT_CONVERSION = YES;
				CLANG_WARN_NON_LITERAL_NULL_CONVERSION = YES;
				CLANG_WARN_OBJC_IMPLICIT_RETAIN_SELF = YES;
				CLANG_WARN_OBJC_LITERAL_CONVERSION = YES;
				CLANG_WARN_OBJC_ROOT_CLASS = YES_ERROR;
				CLANG_WARN_QUOTED_INCLUDE_IN_FRAMEWORK_HEADER = YES;
				CLANG_WARN_RANGE_LOOP_ANALYSIS = YES;
				CLANG_WARN_STRICT_PROTOTYPES = YES;
				CLANG_WARN_SUSPICIOUS_MOVE = YES;
				CLANG_WARN_UNGUARDED_AVAILABILITY = YES_AGGRESSIVE;
				CLANG_WARN_UNREACHABLE_CODE = YES;
				CLANG_WARN__DUPLICATE_METHOD_MATCH = YES;
				COPY_PHASE_STRIP = NO;
				DEBUG_INFORMATION_FORMAT = dwarf;
				ENABLE_STRICT_OBJC_MSGSEND = YES;
				ENABLE_TESTABILITY = YES;
				GCC_C_LANGUAGE_STANDARD = gnu11;
				GCC_DYNAMIC_NO_PIC = NO;
				GCC_NO_COMMON_BLOCKS = YES;
				GCC_OPTIMIZATION_LEVEL = 0;
				GCC_PREPROCESSOR_DEFINITIONS = (
					"DEBUG=1",
					"$(inherited)",
				);
				GCC_WARN_64_TO_32_BIT_CONVERSION = YES;
				GCC_WARN_ABOUT_RETURN_TYPE = YES_ERROR;
				GCC_WARN_UNDECLARED_SELECTOR = YES;
				GCC_WARN_UNINITIALIZED_AUTOS = YES_AGGRESSIVE;
				GCC_WARN_UNUSED_FUNCTION = YES;
				GCC_WARN_UNUSED_VARIABLE = YES;
				IPHONEOS_DEPLOYMENT_TARGET = 16.0;
				MTL_ENABLE_DEBUG_INFO = INCLUDE_SOURCE;
				MTL_FAST_MATH = YES;
				ONLY_ACTIVE_ARCH = YES;
				SDKROOT = iphoneos;
				SWIFT_ACTIVE_COMPILATION_CONDITIONS = DEBUG;
				SWIFT_OPTIMIZATION_LEVEL = "-Onone";
			};
			name = Debug;
		};
		21CFC4742976E8D800A2C183 /* Release */ = {
			isa = XCBuildConfiguration;
			buildSettings = {
				ALWAYS_SEARCH_USER_PATHS = NO;
				CLANG_ANALYZER_NONNULL = YES;
				CLANG_ANALYZER_NUMBER_OBJECT_CONVERSION = YES_AGGRESSIVE;
				CLANG_CXX_LANGUAGE_STANDARD = "gnu++20";
				CLANG_ENABLE_MODULES = YES;
				CLANG_ENABLE_OBJC_ARC = YES;
				CLANG_ENABLE_OBJC_WEAK = YES;
				CLANG_WARN_BLOCK_CAPTURE_AUTORELEASING = YES;
				CLANG_WARN_BOOL_CONVERSION = YES;
				CLANG_WARN_COMMA = YES;
				CLANG_WARN_CONSTANT_CONVERSION = YES;
				CLANG_WARN_DEPRECATED_OBJC_IMPLEMENTATIONS = YES;
				CLANG_WARN_DIRECT_OBJC_ISA_USAGE = YES_ERROR;
				CLANG_WARN_DOCUMENTATION_COMMENTS = YES;
				CLANG_WARN_EMPTY_BODY = YES;
				CLANG_WARN_ENUM_CONVERSION = YES;
				CLANG_WARN_INFINITE_RECURSION = YES;
				CLANG_WARN_INT_CONVERSION = YES;
				CLANG_WARN_NON_LITERAL_NULL_CONVERSION = YES;
				CLANG_WARN_OBJC_IMPLICIT_RETAIN_SELF = YES;
				CLANG_WARN_OBJC_LITERAL_CONVERSION = YES;
				CLANG_WARN_OBJC_ROOT_CLASS = YES_ERROR;
				CLANG_WARN_QUOTED_INCLUDE_IN_FRAMEWORK_HEADER = YES;
				CLANG_WARN_RANGE_LOOP_ANALYSIS = YES;
				CLANG_WARN_STRICT_PROTOTYPES = YES;
				CLANG_WARN_SUSPICIOUS_MOVE = YES;
				CLANG_WARN_UNGUARDED_AVAILABILITY = YES_AGGRESSIVE;
				CLANG_WARN_UNREACHABLE_CODE = YES;
				CLANG_WARN__DUPLICATE_METHOD_MATCH = YES;
				COPY_PHASE_STRIP = NO;
				DEBUG_INFORMATION_FORMAT = "dwarf-with-dsym";
				ENABLE_NS_ASSERTIONS = NO;
				ENABLE_STRICT_OBJC_MSGSEND = YES;
				GCC_C_LANGUAGE_STANDARD = gnu11;
				GCC_NO_COMMON_BLOCKS = YES;
				GCC_WARN_64_TO_32_BIT_CONVERSION = YES;
				GCC_WARN_ABOUT_RETURN_TYPE = YES_ERROR;
				GCC_WARN_UNDECLARED_SELECTOR = YES;
				GCC_WARN_UNINITIALIZED_AUTOS = YES_AGGRESSIVE;
				GCC_WARN_UNUSED_FUNCTION = YES;
				GCC_WARN_UNUSED_VARIABLE = YES;
				IPHONEOS_DEPLOYMENT_TARGET = 16.0;
				MTL_ENABLE_DEBUG_INFO = NO;
				MTL_FAST_MATH = YES;
				SDKROOT = iphoneos;
				SWIFT_COMPILATION_MODE = wholemodule;
				SWIFT_OPTIMIZATION_LEVEL = "-O";
				VALIDATE_PRODUCT = YES;
			};
			name = Release;
		};
		21CFC4762976E8D800A2C183 /* Debug */ = {
			isa = XCBuildConfiguration;
			buildSettings = {
				ASSETCATALOG_COMPILER_APPICON_NAME = AppIcon;
				ASSETCATALOG_COMPILER_GLOBAL_ACCENT_COLOR_NAME = AccentColor;
				CODE_SIGN_STYLE = Automatic;
				CURRENT_PROJECT_VERSION = 1;
				DEVELOPMENT_TEAM = 7QN4P34VRJ;
				GENERATE_INFOPLIST_FILE = YES;
				INFOPLIST_FILE = SpaceX_VIPER/Info.plist;
				INFOPLIST_KEY_UIApplicationSupportsIndirectInputEvents = YES;
				INFOPLIST_KEY_UILaunchStoryboardName = LaunchScreen;
				INFOPLIST_KEY_UISupportedInterfaceOrientations_iPad = "UIInterfaceOrientationPortrait UIInterfaceOrientationPortraitUpsideDown UIInterfaceOrientationLandscapeLeft UIInterfaceOrientationLandscapeRight";
				INFOPLIST_KEY_UISupportedInterfaceOrientations_iPhone = "UIInterfaceOrientationPortrait UIInterfaceOrientationLandscapeLeft UIInterfaceOrientationLandscapeRight";
				LD_RUNPATH_SEARCH_PATHS = (
					"$(inherited)",
					"@executable_path/Frameworks",
				);
				MARKETING_VERSION = 1.0;
				PRODUCT_BUNDLE_IDENTIFIER = "owenkao.SpaceX-VIPER";
				PRODUCT_NAME = "$(TARGET_NAME)";
				SWIFT_EMIT_LOC_STRINGS = YES;
				SWIFT_VERSION = 5.0;
				TARGETED_DEVICE_FAMILY = "1,2";
			};
			name = Debug;
		};
		21CFC4772976E8D800A2C183 /* Release */ = {
			isa = XCBuildConfiguration;
			buildSettings = {
				ASSETCATALOG_COMPILER_APPICON_NAME = AppIcon;
				ASSETCATALOG_COMPILER_GLOBAL_ACCENT_COLOR_NAME = AccentColor;
				CODE_SIGN_STYLE = Automatic;
				CURRENT_PROJECT_VERSION = 1;
				DEVELOPMENT_TEAM = 7QN4P34VRJ;
				GENERATE_INFOPLIST_FILE = YES;
				INFOPLIST_FILE = SpaceX_VIPER/Info.plist;
				INFOPLIST_KEY_UIApplicationSupportsIndirectInputEvents = YES;
				INFOPLIST_KEY_UILaunchStoryboardName = LaunchScreen;
				INFOPLIST_KEY_UISupportedInterfaceOrientations_iPad = "UIInterfaceOrientationPortrait UIInterfaceOrientationPortraitUpsideDown UIInterfaceOrientationLandscapeLeft UIInterfaceOrientationLandscapeRight";
				INFOPLIST_KEY_UISupportedInterfaceOrientations_iPhone = "UIInterfaceOrientationPortrait UIInterfaceOrientationLandscapeLeft UIInterfaceOrientationLandscapeRight";
				LD_RUNPATH_SEARCH_PATHS = (
					"$(inherited)",
					"@executable_path/Frameworks",
				);
				MARKETING_VERSION = 1.0;
				PRODUCT_BUNDLE_IDENTIFIER = "owenkao.SpaceX-VIPER";
				PRODUCT_NAME = "$(TARGET_NAME)";
				SWIFT_EMIT_LOC_STRINGS = YES;
				SWIFT_VERSION = 5.0;
				TARGETED_DEVICE_FAMILY = "1,2";
			};
			name = Release;
		};
		21E039E02976FD2300C4E292 /* Debug */ = {
			isa = XCBuildConfiguration;
			buildSettings = {
				BUNDLE_LOADER = "$(TEST_HOST)";
				CLANG_ENABLE_MODULES = YES;
				CODE_SIGN_STYLE = Automatic;
				CURRENT_PROJECT_VERSION = 1;
				DEVELOPMENT_TEAM = 7QN4P34VRJ;
				GENERATE_INFOPLIST_FILE = YES;
				IPHONEOS_DEPLOYMENT_TARGET = 16.0;
				LD_RUNPATH_SEARCH_PATHS = (
					"$(inherited)",
					"@executable_path/Frameworks",
					"@loader_path/Frameworks",
				);
				MACOSX_DEPLOYMENT_TARGET = 12.3;
				MARKETING_VERSION = 1.0;
				PRODUCT_BUNDLE_IDENTIFIER = "owenkao.SpaceX-VIPERTests";
				PRODUCT_NAME = "$(TARGET_NAME)";
				SDKROOT = auto;
				SUPPORTED_PLATFORMS = "iphoneos iphonesimulator macosx";
				SWIFT_EMIT_LOC_STRINGS = NO;
				SWIFT_OPTIMIZATION_LEVEL = "-Onone";
				SWIFT_VERSION = 5.0;
				TARGETED_DEVICE_FAMILY = "1,2";
				TEST_HOST = "$(BUILT_PRODUCTS_DIR)/SpaceX_VIPER.app/$(BUNDLE_EXECUTABLE_FOLDER_PATH)/SpaceX_VIPER";
			};
			name = Debug;
		};
		21E039E12976FD2300C4E292 /* Release */ = {
			isa = XCBuildConfiguration;
			buildSettings = {
				BUNDLE_LOADER = "$(TEST_HOST)";
				CLANG_ENABLE_MODULES = YES;
				CODE_SIGN_STYLE = Automatic;
				CURRENT_PROJECT_VERSION = 1;
				DEVELOPMENT_TEAM = 7QN4P34VRJ;
				GENERATE_INFOPLIST_FILE = YES;
				IPHONEOS_DEPLOYMENT_TARGET = 16.0;
				LD_RUNPATH_SEARCH_PATHS = (
					"$(inherited)",
					"@executable_path/Frameworks",
					"@loader_path/Frameworks",
				);
				MACOSX_DEPLOYMENT_TARGET = 12.3;
				MARKETING_VERSION = 1.0;
				PRODUCT_BUNDLE_IDENTIFIER = "owenkao.SpaceX-VIPERTests";
				PRODUCT_NAME = "$(TARGET_NAME)";
				SDKROOT = auto;
				SUPPORTED_PLATFORMS = "iphoneos iphonesimulator macosx";
				SWIFT_EMIT_LOC_STRINGS = NO;
				SWIFT_VERSION = 5.0;
				TARGETED_DEVICE_FAMILY = "1,2";
				TEST_HOST = "$(BUILT_PRODUCTS_DIR)/SpaceX_VIPER.app/$(BUNDLE_EXECUTABLE_FOLDER_PATH)/SpaceX_VIPER";
			};
			name = Release;
		};
/* End XCBuildConfiguration section */

/* Begin XCConfigurationList section */
		21CFC45C2976E8D600A2C183 /* Build configuration list for PBXProject "SpaceX_VIPER" */ = {
			isa = XCConfigurationList;
			buildConfigurations = (
				21CFC4732976E8D800A2C183 /* Debug */,
				21CFC4742976E8D800A2C183 /* Release */,
			);
			defaultConfigurationIsVisible = 0;
			defaultConfigurationName = Release;
		};
		21CFC4752976E8D800A2C183 /* Build configuration list for PBXNativeTarget "SpaceX_VIPER" */ = {
			isa = XCConfigurationList;
			buildConfigurations = (
				21CFC4762976E8D800A2C183 /* Debug */,
				21CFC4772976E8D800A2C183 /* Release */,
			);
			defaultConfigurationIsVisible = 0;
			defaultConfigurationName = Release;
		};
		21E039DF2976FD2300C4E292 /* Build configuration list for PBXNativeTarget "SpaceX_VIPERTests" */ = {
			isa = XCConfigurationList;
			buildConfigurations = (
				21E039E02976FD2300C4E292 /* Debug */,
				21E039E12976FD2300C4E292 /* Release */,
			);
			defaultConfigurationIsVisible = 0;
			defaultConfigurationName = Release;
		};
/* End XCConfigurationList section */

/* Begin XCRemoteSwiftPackageReference section */
		2126772C2976F20200D7109C /* XCRemoteSwiftPackageReference "MultiSlider" */ = {
			isa = XCRemoteSwiftPackageReference;
			repositoryURL = "https://github.com/yonat/MultiSlider.git";
			requirement = {
				branch = master;
				kind = branch;
			};
		};
/* End XCRemoteSwiftPackageReference section */

/* Begin XCSwiftPackageProductDependency section */
		2126772D2976F20200D7109C /* MultiSlider */ = {
			isa = XCSwiftPackageProductDependency;
			package = 2126772C2976F20200D7109C /* XCRemoteSwiftPackageReference "MultiSlider" */;
			productName = MultiSlider;
		};
/* End XCSwiftPackageProductDependency section */
	};
	rootObject = 21CFC4592976E8D600A2C183 /* Project object */;
}
